
Microsoft Visual Studio Solution File, Format Version 12.00
# Visual Studio Version 16
VisualStudioVersion = 16.0.31205.134
MinimumVisualStudioVersion = 10.0.40219.1
Project("{8BC9CEB8-8B4A-11D0-8D11-00A0C91BC942}") = "Elevate", "Elevate.vcxproj", "{C14C9918-7B17-4C02-909F-5C94D8033FC2}"
EndProject
Global
	GlobalSection(SolutionConfigurationPlatforms) = preSolution
		Debug|x64 = Debug|x64
		Debug|x86 = Debug|x86
		Release|x64 = Release|x64
		Release|x86 = Release|x86
	EndGlobalSection
	GlobalSection(ProjectConfigurationPlatforms) = postSolution
		{C14C9918-7B17-4C02-909F-5C94D8033FC2}.Debug|x64.ActiveCfg = Debug|x64
		{C14C9918-7B17-4C02-909F-5C94D8033FC2}.Debug|x64.Build.0 = Debug|x64
		{C14C9918-7B17-4C02-909F-5C94D8033FC2}.Debug|x86.ActiveCfg = Debug|Win32
		{C14C9918-7B17-4C02-909F-5C94D8033FC2}.Debug|x86.Build.0 = Debug|Win32
		{C14C9918-7B17-4C02-909F-5C94D8033FC2}.Release|x64.ActiveCfg = Release|x64
		{C14C9918-7B17-4C02-909F-5C94D8033FC2}.Release|x64.Build.0 = Release|x64
		{C14C9918-7B17-4C02-909F-5C94D8033FC2}.Release|x86.ActiveCfg = Release|Win32
		{C14C9918-7B17-4C02-909F-5C94D8033FC2}.Release|x86.Build.0 = Release|Win32
	EndGlobalSection
	GlobalSection(SolutionProperties) = preSolution
		HideSolutionNode = FALSE
	EndGlobalSection
	GlobalSection(ExtensibilityGlobals) = postSolution
		SolutionGuid = {545D3B3C-C65E-41DA-9C58-4C6BCEBF0EF4}
	EndGlobalSection
EndGlobal
